<?xml version="1.0" encoding="utf-8"?>
<Project ToolsVersion="4.0" xmlns="http://schemas.microsoft.com/developer/msbuild/2003">
  <ItemGroup>
    <ClCompile Include="..\src\sage\main.cpp" />
    <ClCompile Include="..\src\sage\interpreter\AgiEncryption.cpp">
      <Filter>interpreter</Filter>
    </ClCompile>
    <ClCompile Include="..\src\sage\interpreter\AgiInterpreter.cpp">
      <Filter>interpreter</Filter>
    </ClCompile>
    <ClCompile Include="..\src\sage\interpreter\resources\AgiFileReader.cpp">
      <Filter>interpreter\resources</Filter>
    </ClCompile>
    <ClCompile Include="..\src\sage\interpreter\resources\AgiLogic.cpp">
      <Filter>interpreter\resources</Filter>
    </ClCompile>
    <ClCompile Include="..\src\sage\interpreter\resources\Resource.cpp">
      <Filter>interpreter\resources</Filter>
    </ClCompile>
    <ClCompile Include="..\src\sage\interpreter\AgiVersion.cpp">
      <Filter>interpreter</Filter>
    </ClCompile>
    <ClCompile Include="..\src\sage\interpreter\logic\DispatcherContainer.cpp">
      <Filter>interpreter\logic</Filter>
    </ClCompile>
    <ClCompile Include="..\src\sage\interpreter\logic\LogicProcessor.cpp">
      <Filter>interpreter\logic</Filter>
    </ClCompile>
    <ClCompile Include="..\src\sage\interpreter\logic\Actions.cpp">
      <Filter>interpreter\logic</Filter>
    </ClCompile>
    <ClCompile Include="..\src\sage\interpreter\logic\TestDispatcher.cpp">
      <Filter>interpreter\logic</Filter>
    </ClCompile>
    <ClCompile Include="..\src\sage\interpreter\logic\ActionDispatcher.cpp">
      <Filter>interpreter\logic</Filter>
    </ClCompile>
    <ClCompile Include="..\src\sage\interpreter\logic\commands\ArithmeticCommands.cpp">
      <Filter>interpreter\logic\commands</Filter>
    </ClCompile>
    <ClCompile Include="..\src\sage\interpreter\logic\commands\InitializationCommands.cpp">
      <Filter>interpreter\logic\commands</Filter>
    </ClCompile>
    <ClCompile Include="..\src\sage\interpreter\logic\commands\TestCommands.cpp">
      <Filter>interpreter\logic\commands</Filter>
    </ClCompile>
    <ClCompile Include="..\src\sage\interpreter\logic\commands\FlagCommands.cpp">
      <Filter>interpreter\logic\commands</Filter>
    </ClCompile>
    <ClCompile Include="..\src\sage\interpreter\logic\commands\ResourceCommands.cpp">
      <Filter>interpreter\logic\commands</Filter>
    </ClCompile>
    <ClCompile Include="..\src\sage\interpreter\logic\commands\ProgramControlCommands.cpp">
      <Filter>interpreter\logic\commands</Filter>
    </ClCompile>
    <ClCompile Include="..\src\sage\interpreter\logic\commands\SubroutineCommands.cpp">
      <Filter>interpreter\logic\commands</Filter>
    </ClCompile>
    <ClCompile Include="..\src\backend\sdl2\DisplayMode.cpp">
      <Filter>backend\sdl2</Filter>
    </ClCompile>
    <ClCompile Include="..\src\backend\sdl2\Engine.cpp">
      <Filter>backend\sdl2</Filter>
    </ClCompile>
    <ClCompile Include="..\src\backend\sdl2\Event.cpp">
      <Filter>backend\sdl2</Filter>
    </ClCompile>
    <ClCompile Include="..\src\backend\sdl2\Graphics.cpp">
      <Filter>backend\sdl2</Filter>
    </ClCompile>
    <ClCompile Include="..\src\backend\sdl2\Keyboard.cpp">
      <Filter>backend\sdl2</Filter>
    </ClCompile>
    <ClCompile Include="..\src\backend\sdl2\Texture.cpp">
      <Filter>backend\sdl2</Filter>
    </ClCompile>
    <ClCompile Include="..\src\sage\interpreter\resources\AgiView.cpp">
      <Filter>interpreter\resources</Filter>
    </ClCompile>
    <ClCompile Include="..\src\core\BitConverter.cpp">
      <Filter>core</Filter>
    </ClCompile>
    <ClCompile Include="..\src\core\BitSetHelper.cpp">
      <Filter>core</Filter>
    </ClCompile>
    <ClCompile Include="..\src\sage\interpreter\helpers\AgiColor.cpp">
      <Filter>interpreter\helpers</Filter>
    </ClCompile>
    <ClCompile Include="..\src\sage\interpreter\resources\Views\ViewLoop.cpp">
      <Filter>interpreter\resources\Views</Filter>
    </ClCompile>
    <ClCompile Include="..\src\sage\interpreter\resources\Views\ViewCell.cpp">
      <Filter>interpreter\resources\Views</Filter>
    </ClCompile>
    <ClCompile Include="..\src\sage\interpreter\resources\AgiPicture.cpp">
      <Filter>interpreter\resources</Filter>
    </ClCompile>
  </ItemGroup>
  <ItemGroup>
    <Filter Include="interpreter">
      <UniqueIdentifier>{8b35fabb-67c0-4e31-a818-320747002936}</UniqueIdentifier>
    </Filter>
    <Filter Include="interpreter\logic">
      <UniqueIdentifier>{c1f22525-f5ad-4aac-8b3e-97a30b8a8a9e}</UniqueIdentifier>
    </Filter>
    <Filter Include="interpreter\resources">
      <UniqueIdentifier>{aabda6f8-fa0e-418f-a276-04dfedc8dc6d}</UniqueIdentifier>
    </Filter>
    <Filter Include="interpreter\logic\commands">
      <UniqueIdentifier>{403fd8ce-8f96-4a1f-9892-7116b3df53bd}</UniqueIdentifier>
    </Filter>
    <Filter Include="backend">
      <UniqueIdentifier>{a4a5c56b-5a73-4802-8150-161cbaaaea22}</UniqueIdentifier>
    </Filter>
    <Filter Include="backend\sdl2">
      <UniqueIdentifier>{1077967e-be7a-4eac-b3fa-a3ca793370db}</UniqueIdentifier>
    </Filter>
    <Filter Include="core">
      <UniqueIdentifier>{0552978d-19de-4de9-9402-c37cd87bf8b0}</UniqueIdentifier>
    </Filter>
    <Filter Include="interpreter\helpers">
      <UniqueIdentifier>{603fbf8f-5c11-4794-8159-b85a79475aa8}</UniqueIdentifier>
    </Filter>
    <Filter Include="interpreter\resources\Views">
      <UniqueIdentifier>{dd17e2e2-79cb-4f7d-89bd-8bca26866805}</UniqueIdentifier>
    </Filter>
  </ItemGroup>
  <ItemGroup>
    <ClInclude Include="..\src\sage\interpreter\AgiEncryption.h">
      <Filter>interpreter</Filter>
    </ClInclude>
    <ClInclude Include="..\src\sage\interpreter\AgiFileReader.h">
      <Filter>interpreter</Filter>
    </ClInclude>
    <ClInclude Include="..\src\sage\interpreter\AgiInterpreter.h">
      <Filter>interpreter</Filter>
    </ClInclude>
    <ClInclude Include="..\src\sage\interpreter\resources\AgiFileReader.h">
      <Filter>interpreter\resources</Filter>
    </ClInclude>
    <ClInclude Include="..\src\sage\interpreter\resources\AgiLogic.h">
      <Filter>interpreter\resources</Filter>
    </ClInclude>
    <ClInclude Include="..\src\sage\interpreter\resources\Resource.h">
      <Filter>interpreter\resources</Filter>
    </ClInclude>
    <ClInclude Include="..\src\sage\interpreter\AgiVersion.h">
      <Filter>interpreter</Filter>
    </ClInclude>
    <ClInclude Include="..\src\sage\interpreter\logic\DispatcherContainer.h">
      <Filter>interpreter\logic</Filter>
    </ClInclude>
    <ClInclude Include="..\src\sage\interpreter\logic\LogicCallbacks.h">
      <Filter>interpreter\logic</Filter>
    </ClInclude>
    <ClInclude Include="..\src\sage\interpreter\logic\LogicProcessor.h">
      <Filter>interpreter\logic</Filter>
    </ClInclude>
    <ClInclude Include="..\src\sage\interpreter\logic\Actions.h">
      <Filter>interpreter\logic</Filter>
    </ClInclude>
    <ClInclude Include="..\src\sage\interpreter\logic\TestDispatcher.h">
      <Filter>interpreter\logic</Filter>
    </ClInclude>
    <ClInclude Include="..\src\sage\interpreter\logic\DispatcherBase.h">
      <Filter>interpreter\logic</Filter>
    </ClInclude>
    <ClInclude Include="..\src\sage\interpreter\logic\ActionDispatcher.h">
      <Filter>interpreter\logic</Filter>
    </ClInclude>
    <ClInclude Include="..\src\sage\interpreter\logic\commands\ArithmeticCommands.h">
      <Filter>interpreter\logic\commands</Filter>
    </ClInclude>
    <ClInclude Include="..\src\sage\interpreter\logic\commands\InitializationCommands.h">
      <Filter>interpreter\logic\commands</Filter>
    </ClInclude>
    <ClInclude Include="..\src\sage\interpreter\logic\commands\TestCommands.h">
      <Filter>interpreter\logic\commands</Filter>
    </ClInclude>
    <ClInclude Include="..\src\sage\interpreter\logic\commands\FlagCommands.h">
      <Filter>interpreter\logic\commands</Filter>
    </ClInclude>
    <ClInclude Include="..\src\sage\interpreter\logic\commands\ResourceCommands.h">
      <Filter>interpreter\logic\commands</Filter>
    </ClInclude>
    <ClInclude Include="..\src\sage\interpreter\logic\commands\ProgramControlCommands.h">
      <Filter>interpreter\logic\commands</Filter>
    </ClInclude>
    <ClInclude Include="..\src\sage\interpreter\logic\commands\SubroutineCommands.h">
      <Filter>interpreter\logic\commands</Filter>
    </ClInclude>
    <ClInclude Include="..\src\backend\sdl2\DisplayMode.h">
      <Filter>backend\sdl2</Filter>
    </ClInclude>
    <ClInclude Include="..\src\backend\sdl2\engine.h">
      <Filter>backend\sdl2</Filter>
    </ClInclude>
    <ClInclude Include="..\src\backend\sdl2\Event.h">
      <Filter>backend\sdl2</Filter>
    </ClInclude>
    <ClInclude Include="..\src\backend\sdl2\Graphics.h">
      <Filter>backend\sdl2</Filter>
    </ClInclude>
    <ClInclude Include="..\src\backend\sdl2\Keyboard.h">
      <Filter>backend\sdl2</Filter>
    </ClInclude>
    <ClInclude Include="..\src\backend\sdl2\Texture.h">
      <Filter>backend\sdl2</Filter>
    </ClInclude>
    <ClInclude Include="..\src\sage\interpreter\resources\AgiView.h">
      <Filter>interpreter\resources</Filter>
    </ClInclude>
    <ClInclude Include="..\src\core\BitConverter.h">
      <Filter>core</Filter>
    </ClInclude>
    <ClInclude Include="..\src\sage\interpreter\helpers\AgiStringHelper.h">
      <Filter>interpreter\helpers</Filter>
    </ClInclude>
    <ClInclude Include="..\src\core\BitSetHelper.h">
      <Filter>core</Filter>
    </ClInclude>
    <ClInclude Include="..\src\sage\interpreter\helpers\AgiColor.h">
      <Filter>interpreter\helpers</Filter>
    </ClInclude>
    <ClInclude Include="..\src\sage\interpreter\resources\Views\ViewCell.h">
      <Filter>interpreter\resources\Views</Filter>
    </ClInclude>
    <ClInclude Include="..\src\sage\interpreter\resources\Views\ViewLoop.h">
      <Filter>interpreter\resources\Views</Filter>
    </ClInclude>
    <ClInclude Include="..\src\sage\interpreter\resources\AgiPicture.h">
      <Filter>interpreter\resources</Filter>
    </ClInclude>
  </ItemGroup>
  <ItemGroup>
    <None Include="packages.config" />
  </ItemGroup>
</Project>